
Microsoft Visual Studio Solution File, Format Version 12.00
# Visual Studio Version 16
VisualStudioVersion = 16.0.30406.217
MinimumVisualStudioVersion = 10.0.40219.1
Project("{FAE04EC0-301F-11D3-BF4B-00C04F79EFBC}") = "AutismAI-Web", "AutismAI-Web.csproj", "{0558DC9D-DDC1-4A7B-86B7-B0D33298BAF5}"
EndProject
Global
	GlobalSection(SolutionConfigurationPlatforms) = preSolution
		Debug|Any CPU = Debug|Any CPU
		Release|Any CPU = Release|Any CPU
	EndGlobalSection
	GlobalSection(ProjectConfigurationPlatforms) = postSolution
		{0558DC9D-DDC1-4A7B-86B7-B0D33298BAF5}.Debug|Any CPU.ActiveCfg = Debug|Any CPU
		{0558DC9D-DDC1-4A7B-86B7-B0D33298BAF5}.Debug|Any CPU.Build.0 = Debug|Any CPU
		{0558DC9D-DDC1-4A7B-86B7-B0D33298BAF5}.Release|Any CPU.ActiveCfg = Release|Any CPU
		{0558DC9D-DDC1-4A7B-86B7-B0D33298BAF5}.Release|Any CPU.Build.0 = Release|Any CPU
	EndGlobalSection
	GlobalSection(SolutionProperties) = preSolution
		HideSolutionNode = FALSE
	EndGlobalSection
	GlobalSection(ExtensibilityGlobals) = postSolution
		SolutionGuid = {CD92085E-EBE3-448E-BC72-F9BA4CA9CA1E}
	EndGlobalSection
EndGlobal
